lockfileVersion: 5.4

specifiers:
  browserslist: ^4.13.0
  lightningcss: ^1.19.0

dependencies:
  browserslist: 4.21.5
  lightningcss: 1.19.0

packages:

  /browserslist/4.21.5:
    resolution: {integrity: sha512-tUkiguQGW7S3IhB7N+c2MV/HZPSCPAAiYBZXLsBhFB/PCy6ZKKsZrmBayHV9fdGV/ARIfJ14NkxKzRDjvp7L6w==}
    engines: {node: ^6 || ^7 || ^8 || ^9 || ^10 || ^11 || ^12 || >=13.7}
    hasBin: true
    dependencies:
      caniuse-lite: 1.0.30001466
      electron-to-chromium: 1.4.331
      node-releases: 2.0.10
      update-browserslist-db: 1.0.10_browserslist@4.21.5
    dev: false

  /caniuse-lite/1.0.30001466:
    resolution: {integrity: sha512-ewtFBSfWjEmxUgNBSZItFSmVtvk9zkwkl1OfRZlKA8slltRN+/C/tuGVrF9styXkN36Yu3+SeJ1qkXxDEyNZ5w==}
    dev: false

  /detect-libc/1.0.3:
    resolution: {integrity: sha512-pGjwhsmsp4kL2RTz08wcOlGN83otlqHeD/Z5T8GXZB+/YcpQ/dgo+lbU8ZsGxV0HIvqqxo9l7mqYwyYMD9bKDg==}
    engines: {node: '>=0.10'}
    hasBin: true
    dev: false

  /electron-to-chromium/1.4.331:
    resolution: {integrity: sha512-tdtr9y9oJl8VDiS+HeB6e/JDJqdDGjIk3yRfEMHm5rDnWQ/D5SbafybAayInxolbfbH6pouV5g7ZUAwE/WVtHw==}
    dev: false

  /escalade/3.1.1:
    resolution: {integrity: sha512-k0er2gUkLf8O0zKJiAhmkTnJlTvINGv7ygDNPbeIsX/TJjGJZHuh9B2UxbsaEkmlEo9MfhrSzmhIlhRlI2GXnw==}
    engines: {node: '>=6'}
    dev: false

  /lightningcss-darwin-arm64/1.19.0:
    resolution: {integrity: sha512-wIJmFtYX0rXHsXHSr4+sC5clwblEMji7HHQ4Ub1/CznVRxtCFha6JIt5JZaNf8vQrfdZnBxLLC6R8pC818jXqg==}
    engines: {node: '>= 12.0.0'}
    cpu: [arm64]
    os: [darwin]
    requiresBuild: true
    dev: false
    optional: true

  /lightningcss-darwin-x64/1.19.0:
    resolution: {integrity: sha512-Lif1wD6P4poaw9c/4Uh2z+gmrWhw/HtXFoeZ3bEsv6Ia4tt8rOJBdkfVaUJ6VXmpKHALve+iTyP2+50xY1wKPw==}
    engines: {node: '>= 12.0.0'}
    cpu: [x64]
    os: [darwin]
    requiresBuild: true
    dev: false
    optional: true

  /lightningcss-linux-arm-gnueabihf/1.19.0:
    resolution: {integrity: sha512-P15VXY5682mTXaiDtbnLYQflc8BYb774j2R84FgDLJTN6Qp0ZjWEFyN1SPqyfTj2B2TFjRHRUvQSSZ7qN4Weig==}
    engines: {node: '>= 12.0.0'}
    cpu: [arm]
    os: [linux]
    requiresBuild: true
    dev: false
    optional: true

  /lightningcss-linux-arm64-gnu/1.19.0:
    resolution: {integrity: sha512-zwXRjWqpev8wqO0sv0M1aM1PpjHz6RVIsBcxKszIG83Befuh4yNysjgHVplF9RTU7eozGe3Ts7r6we1+Qkqsww==}
    engines: {node: '>= 12.0.0'}
    cpu: [arm64]
    os: [linux]
    requiresBuild: true
    dev: false
    optional: true

  /lightningcss-linux-arm64-musl/1.19.0:
    resolution: {integrity: sha512-vSCKO7SDnZaFN9zEloKSZM5/kC5gbzUjoJQ43BvUpyTFUX7ACs/mDfl2Eq6fdz2+uWhUh7vf92c4EaaP4udEtA==}
    engines: {node: '>= 12.0.0'}
    cpu: [arm64]
    os: [linux]
    requiresBuild: true
    dev: false
    optional: true

  /lightningcss-linux-x64-gnu/1.19.0:
    resolution: {integrity: sha512-0AFQKvVzXf9byrXUq9z0anMGLdZJS+XSDqidyijI5njIwj6MdbvX2UZK/c4FfNmeRa2N/8ngTffoIuOUit5eIQ==}
    engines: {node: '>= 12.0.0'}
    cpu: [x64]
    os: [linux]
    requiresBuild: true
    dev: false
    optional: true

  /lightningcss-linux-x64-musl/1.19.0:
    resolution: {integrity: sha512-SJoM8CLPt6ECCgSuWe+g0qo8dqQYVcPiW2s19dxkmSI5+Uu1GIRzyKA0b7QqmEXolA+oSJhQqCmJpzjY4CuZAg==}
    engines: {node: '>= 12.0.0'}
    cpu: [x64]
    os: [linux]
    requiresBuild: true
    dev: false
    optional: true

  /lightningcss-win32-x64-msvc/1.19.0:
    resolution: {integrity: sha512-C+VuUTeSUOAaBZZOPT7Etn/agx/MatzJzGRkeV+zEABmPuntv1zihncsi+AyGmjkkzq3wVedEy7h0/4S84mUtg==}
    engines: {node: '>= 12.0.0'}
    cpu: [x64]
    os: [win32]
    requiresBuild: true
    dev: false
    optional: true

  /lightningcss/1.19.0:
    resolution: {integrity: sha512-yV5UR7og+Og7lQC+70DA7a8ta1uiOPnWPJfxa0wnxylev5qfo4P+4iMpzWAdYWOca4jdNQZii+bDL/l+4hUXIA==}
    engines: {node: '>= 12.0.0'}
    dependencies:
      detect-libc: 1.0.3
    optionalDependencies:
      lightningcss-darwin-arm64: 1.19.0
      lightningcss-darwin-x64: 1.19.0
      lightningcss-linux-arm-gnueabihf: 1.19.0
      lightningcss-linux-arm64-gnu: 1.19.0
      lightningcss-linux-arm64-musl: 1.19.0
      lightningcss-linux-x64-gnu: 1.19.0
      lightningcss-linux-x64-musl: 1.19.0
      lightningcss-win32-x64-msvc: 1.19.0
    dev: false

  /node-releases/2.0.10:
    resolution: {integrity: sha512-5GFldHPXVG/YZmFzJvKK2zDSzPKhEp0+ZR5SVaoSag9fsL5YgHbUHDfnG5494ISANDcK4KwPXAx2xqVEydmd7w==}
    dev: false

  /picocolors/1.0.0:
    resolution: {integrity: sha512-1fygroTLlHu66zi26VoTDv8yRgm0Fccecssto+MhsZ0D/DGW2sm8E8AjW7NU5VVTRt5GxbeZ5qBuJr+HyLYkjQ==}
    dev: false

  /update-browserslist-db/1.0.10_browserslist@4.21.5:
    resolution: {integrity: sha512-OztqDenkfFkbSG+tRxBeAnCVPckDBcvibKd35yDONx6OU8N7sqgwc7rCbkJ/WcYtVRZ4ba68d6byhC21GFh7sQ==}
    hasBin: true
    peerDependencies:
      browserslist: '>= 4.21.0'
    dependencies:
      browserslist: 4.21.5
      escalade: 3.1.1
      picocolors: 1.0.0
    dev: false
